
Microsoft Visual Studio Solution File, Format Version 12.00
# Visual Studio Version 17
VisualStudioVersion = 17.12.35728.132
MinimumVisualStudioVersion = 10.0.40219.1
Project("{FAE04EC0-301F-11D3-BF4B-00C04F79EFBC}") = "WellingtonWeatherRecommendationApi", "WellingtonWeatherRecommendationApi\WellingtonWeatherRecommendationApi.csproj", "{4D4EB6A8-D9F7-49E2-A537-874D6E994D1C}"
EndProject
Project("{FAE04EC0-301F-11D3-BF4B-00C04F79EFBC}") = "WellingtonWeatherRecommendationApi.Test", "WellingtonWeatherRecommendationApi.Test\WellingtonWeatherRecommendationApi.Test.csproj", "{638786C6-D80B-45AA-8D5A-CDB766D5F301}"
EndProject
Global
	GlobalSection(SolutionConfigurationPlatforms) = preSolution
		Debug|Any CPU = Debug|Any CPU
		Release|Any CPU = Release|Any CPU
	EndGlobalSection
	GlobalSection(ProjectConfigurationPlatforms) = postSolution
		{4D4EB6A8-D9F7-49E2-A537-874D6E994D1C}.Debug|Any CPU.ActiveCfg = Debug|Any CPU
		{4D4EB6A8-D9F7-49E2-A537-874D6E994D1C}.Debug|Any CPU.Build.0 = Debug|Any CPU
		{4D4EB6A8-D9F7-49E2-A537-874D6E994D1C}.Release|Any CPU.ActiveCfg = Release|Any CPU
		{4D4EB6A8-D9F7-49E2-A537-874D6E994D1C}.Release|Any CPU.Build.0 = Release|Any CPU
		{638786C6-D80B-45AA-8D5A-CDB766D5F301}.Debug|Any CPU.ActiveCfg = Debug|Any CPU
		{638786C6-D80B-45AA-8D5A-CDB766D5F301}.Debug|Any CPU.Build.0 = Debug|Any CPU
		{638786C6-D80B-45AA-8D5A-CDB766D5F301}.Release|Any CPU.ActiveCfg = Release|Any CPU
		{638786C6-D80B-45AA-8D5A-CDB766D5F301}.Release|Any CPU.Build.0 = Release|Any CPU
	EndGlobalSection
	GlobalSection(SolutionProperties) = preSolution
		HideSolutionNode = FALSE
	EndGlobalSection
EndGlobal
